PODS:
  - feedback_flutter_sdk (0.0.15):
    - Flutter
    - Pisano (~> 1.0.16)
  - Flutter (1.0.0)
  - Pisano (1.0.16)

DEPENDENCIES:
  - feedback_flutter_sdk (from `.symlinks/plugins/feedback_flutter_sdk/ios`)
  - Flutter (from `Flutter`)

SPEC REPOS:
  trunk:
    - Pisano

EXTERNAL SOURCES:
  feedback_flutter_sdk:
    :path: ".symlinks/plugins/feedback_flutter_sdk/ios"
  Flutter:
    :path: Flutter

SPEC CHECKSUMS:
  feedback_flutter_sdk: 2b0fe3774bd2519123208f34ba998d1a30c2454f
  Flutter: cabc95a1d2626b1b06e7179b784ebcf0c0cde467
  Pisano: 0d785579e71c56540e936a8156308c066f36534e

PODFILE CHECKSUM: 0dbd5a87e0ace00c9610d2037ac22083a01f861d

COCOAPODS: 1.16.2
