PODS:
  - feedback_flutter_sdk (0.0.11):
    - Flutter
    - Pisano (~> 1.0.10)
  - Flutter (1.0.0)
  - Pisano (1.0.15)

DEPENDENCIES:
  - feedback_flutter_sdk (from `.symlinks/plugins/feedback_flutter_sdk/ios`)
  - Flutter (from `Flutter`)

SPEC REPOS:
  trunk:
    - Pisano

EXTERNAL SOURCES:
  feedback_flutter_sdk:
    :path: ".symlinks/plugins/feedback_flutter_sdk/ios"
  Flutter:
    :path: Flutter

SPEC CHECKSUMS:
  feedback_flutter_sdk: 8fb73c583deb5de9535cd637a3d9264d72e97d58
  Flutter: e0871f40cf51350855a761d2e70bf5af5b9b5de7
  Pisano: a4ebe9b1bdde4dfbac672942a2857d5518e83ec7

PODFILE CHECKSUM: c4c93c5f6502fe2754f48404d3594bf779584011

COCOAPODS: 1.16.2
